
Microsoft Visual Studio Solution File, Format Version 12.00
# Visual Studio Version 17
VisualStudioVersion = 17.2.32630.192
MinimumVisualStudioVersion = 10.0.40219.1
Project("{FAE04EC0-301F-11D3-BF4B-00C04F79EFBC}") = "GestureWheel", "GestureWheel\GestureWheel.csproj", "{97FF333F-1C25-41B1-AF4D-35CD818AFA0B}"
EndProject
Global
	GlobalSection(SolutionConfigurationPlatforms) = preSolution
		Debug|Any CPU = Debug|Any CPU
		Release|Any CPU = Release|Any CPU
	EndGlobalSection
	GlobalSection(ProjectConfigurationPlatforms) = postSolution
		{97FF333F-1C25-41B1-AF4D-35CD818AFA0B}.Debug|Any CPU.ActiveCfg = Debug|Any CPU
		{97FF333F-1C25-41B1-AF4D-35CD818AFA0B}.Debug|Any CPU.Build.0 = Debug|Any CPU
		{97FF333F-1C25-41B1-AF4D-35CD818AFA0B}.Release|Any CPU.ActiveCfg = Release|Any CPU
		{97FF333F-1C25-41B1-AF4D-35CD818AFA0B}.Release|Any CPU.Build.0 = Release|Any CPU
	EndGlobalSection
	GlobalSection(SolutionProperties) = preSolution
		HideSolutionNode = FALSE
	EndGlobalSection
	GlobalSection(ExtensibilityGlobals) = postSolution
		SolutionGuid = {7A1FE0C2-0D35-45C9-B930-C0D63504FA1E}
	EndGlobalSection
EndGlobal
